
Microsoft Visual Studio Solution File, Format Version 12.00
# Visual Studio 2013
VisualStudioVersion = 12.0.21005.1
MinimumVisualStudioVersion = 10.0.40219.1
Project("{FAE04EC0-301F-11D3-BF4B-00C04F79EFBC}") = "CodeFirstIdeasDatabase", "CodeFirstIdeasDatabase.csproj", "{3F1BF747-54FA-430F-9C30-1EC1F71EA045}"
EndProject
Project("{FAE04EC0-301F-11D3-BF4B-00C04F79EFBC}") = "CodeFirstIdeasDatabase.Test", "CodeFirstIdeasDatabase.Test\CodeFirstIdeasDatabase.Test.csproj", "{EF8B82E7-642E-4EC7-BC55-61637BCFC25E}"
EndProject
Global
	GlobalSection(SolutionConfigurationPlatforms) = preSolution
		Debug|Any CPU = Debug|Any CPU
		Release|Any CPU = Release|Any CPU
	EndGlobalSection
	GlobalSection(ProjectConfigurationPlatforms) = postSolution
		{3F1BF747-54FA-430F-9C30-1EC1F71EA045}.Debug|Any CPU.ActiveCfg = Debug|Any CPU
		{3F1BF747-54FA-430F-9C30-1EC1F71EA045}.Debug|Any CPU.Build.0 = Debug|Any CPU
		{3F1BF747-54FA-430F-9C30-1EC1F71EA045}.Release|Any CPU.ActiveCfg = Release|Any CPU
		{3F1BF747-54FA-430F-9C30-1EC1F71EA045}.Release|Any CPU.Build.0 = Release|Any CPU
		{EF8B82E7-642E-4EC7-BC55-61637BCFC25E}.Debug|Any CPU.ActiveCfg = Debug|Any CPU
		{EF8B82E7-642E-4EC7-BC55-61637BCFC25E}.Debug|Any CPU.Build.0 = Debug|Any CPU
		{EF8B82E7-642E-4EC7-BC55-61637BCFC25E}.Release|Any CPU.ActiveCfg = Release|Any CPU
		{EF8B82E7-642E-4EC7-BC55-61637BCFC25E}.Release|Any CPU.Build.0 = Release|Any CPU
	EndGlobalSection
	GlobalSection(SolutionProperties) = preSolution
		HideSolutionNode = FALSE
	EndGlobalSection
EndGlobal
